{
    "_meta": {
        "hash": {
            "sha256": "654fe2214ec475e2aadfa4e820f1b95514d628211f16d74d54db4a6e35f65afb"
        },
        "pipfile-spec": 6,
        "requires": {
            "python_version": "3.10"
        },
        "sources": [
            {
                "name": "pypi",
                "url": "https://pypi.org/simple",
                "verify_ssl": true
            }
        ]
    },
    "default": {},
    "develop": {}
}
